
Microsoft Visual Studio Solution File, Format Version 12.00
# Visual Studio Version 16
VisualStudioVersion = 16.0.31702.278
MinimumVisualStudioVersion = 10.0.40219.1
Project("{9A19103F-16F7-4668-BE54-9A1E7A4F7556}") = "DotNet", "DotNet.csproj", "{06D503CC-AF4F-4238-942F-9A60A6BF067A}"
EndProject
Global
	GlobalSection(SolutionConfigurationPlatforms) = preSolution
		Debug|Any CPU = Debug|Any CPU
		Release|Any CPU = Release|Any CPU
	EndGlobalSection
	GlobalSection(ProjectConfigurationPlatforms) = postSolution
		{06D503CC-AF4F-4238-942F-9A60A6BF067A}.Debug|Any CPU.ActiveCfg = Debug|Any CPU
		{06D503CC-AF4F-4238-942F-9A60A6BF067A}.Debug|Any CPU.Build.0 = Debug|Any CPU
		{06D503CC-AF4F-4238-942F-9A60A6BF067A}.Release|Any CPU.ActiveCfg = Release|Any CPU
		{06D503CC-AF4F-4238-942F-9A60A6BF067A}.Release|Any CPU.Build.0 = Release|Any CPU
	EndGlobalSection
	GlobalSection(SolutionProperties) = preSolution
		HideSolutionNode = FALSE
	EndGlobalSection
	GlobalSection(ExtensibilityGlobals) = postSolution
		SolutionGuid = {E468A0B7-9508-43E4-97C9-9A456F717900}
	EndGlobalSection
EndGlobal
